
Microsoft Visual Studio Solution File, Format Version 12.00
# Visual Studio Version 17
VisualStudioVersion = 17.10.35004.147
MinimumVisualStudioVersion = 10.0.40219.1
Project("{FAE04EC0-301F-11D3-BF4B-00C04F79EFBC}") = "Locations12", "Locations12\Locations12.csproj", "{CDDB4598-73E2-450B-8C58-107CBCE7917E}"
EndProject
Global
	GlobalSection(SolutionConfigurationPlatforms) = preSolution
		Debug|Any CPU = Debug|Any CPU
		Release|Any CPU = Release|Any CPU
	EndGlobalSection
	GlobalSection(ProjectConfigurationPlatforms) = postSolution
		{CDDB4598-73E2-450B-8C58-107CBCE7917E}.Debug|Any CPU.ActiveCfg = Debug|Any CPU
		{CDDB4598-73E2-450B-8C58-107CBCE7917E}.Debug|Any CPU.Build.0 = Debug|Any CPU
		{CDDB4598-73E2-450B-8C58-107CBCE7917E}.Debug|Any CPU.Deploy.0 = Debug|Any CPU
		{CDDB4598-73E2-450B-8C58-107CBCE7917E}.Release|Any CPU.ActiveCfg = Release|Any CPU
		{CDDB4598-73E2-450B-8C58-107CBCE7917E}.Release|Any CPU.Build.0 = Release|Any CPU
		{CDDB4598-73E2-450B-8C58-107CBCE7917E}.Release|Any CPU.Deploy.0 = Release|Any CPU
	EndGlobalSection
	GlobalSection(SolutionProperties) = preSolution
		HideSolutionNode = FALSE
	EndGlobalSection
	GlobalSection(ExtensibilityGlobals) = postSolution
		SolutionGuid = {3A71C841-2B01-45F7-BAD4-F0572C774BC2}
	EndGlobalSection
EndGlobal
